
Microsoft Visual Studio Solution File, Format Version 12.00
# Visual Studio 15
VisualStudioVersion = 15.0.27703.2000
MinimumVisualStudioVersion = 10.0.40219.1
Project("{FAE04EC0-301F-11D3-BF4B-00C04F79EFBC}") = "CareerCloud.Pocos", "CareerCloud.Pocos\CareerCloud.Pocos.csproj", "{862388BB-7185-4093-B829-7546D2F99DFC}"
EndProject
Project("{FAE04EC0-301F-11D3-BF4B-00C04F79EFBC}") = "CareerCloud.DataAccessLayer", "CareerCloud.DataAccessLayer\CareerCloud.DataAccessLayer.csproj", "{25BFCE3B-40E4-4633-B0AE-8F3A70D5E2B5}"
EndProject
Project("{FAE04EC0-301F-11D3-BF4B-00C04F79EFBC}") = "CareerCloud.ADODataAccessLayer", "CareerCloud.ADODataAccessLayer\CareerCloud.ADODataAccessLayer.csproj", "{4C10A445-7F96-41BD-9BF8-90075116A7A5}"
EndProject
Project("{FAE04EC0-301F-11D3-BF4B-00C04F79EFBC}") = "CareerCloud.BusinessLogicLayer", "CareerCloud.BusinessLogicLayer\CareerCloud.BusinessLogicLayer.csproj", "{8D391864-53A7-449D-9F8B-F2FA2982A695}"
EndProject
Project("{FAE04EC0-301F-11D3-BF4B-00C04F79EFBC}") = "CareerCloud.EntityFrameworkDataAccess", "CareerCloud.EntityFrameworkDataAccess\CareerCloud.EntityFrameworkDataAccess.csproj", "{0F52DF34-0950-431A-9613-7D9E5A980479}"
EndProject
Project("{FAE04EC0-301F-11D3-BF4B-00C04F79EFBC}") = "CareerCloud.WCF", "CareerCloud.WCF\CareerCloud.WCF.csproj", "{63704175-39F8-4B6E-9058-253B37917E2D}"
EndProject
Project("{FAE04EC0-301F-11D3-BF4B-00C04F79EFBC}") = "CareerCloud.UnitTests.Assignment5", "..\CareerCloud.UnitTests.Assignment5\CareerCloud.UnitTests.Assignment5\CareerCloud.UnitTests.Assignment5.csproj", "{943928D9-1890-4404-A8AF-5FF14079C136}"
EndProject
Global
	GlobalSection(SolutionConfigurationPlatforms) = preSolution
		Debug|Any CPU = Debug|Any CPU
		Release|Any CPU = Release|Any CPU
	EndGlobalSection
	GlobalSection(ProjectConfigurationPlatforms) = postSolution
		{862388BB-7185-4093-B829-7546D2F99DFC}.Debug|Any CPU.ActiveCfg = Debug|Any CPU
		{862388BB-7185-4093-B829-7546D2F99DFC}.Debug|Any CPU.Build.0 = Debug|Any CPU
		{862388BB-7185-4093-B829-7546D2F99DFC}.Release|Any CPU.ActiveCfg = Release|Any CPU
		{862388BB-7185-4093-B829-7546D2F99DFC}.Release|Any CPU.Build.0 = Release|Any CPU
		{25BFCE3B-40E4-4633-B0AE-8F3A70D5E2B5}.Debug|Any CPU.ActiveCfg = Debug|Any CPU
		{25BFCE3B-40E4-4633-B0AE-8F3A70D5E2B5}.Debug|Any CPU.Build.0 = Debug|Any CPU
		{25BFCE3B-40E4-4633-B0AE-8F3A70D5E2B5}.Release|Any CPU.ActiveCfg = Release|Any CPU
		{25BFCE3B-40E4-4633-B0AE-8F3A70D5E2B5}.Release|Any CPU.Build.0 = Release|Any CPU
		{4C10A445-7F96-41BD-9BF8-90075116A7A5}.Debug|Any CPU.ActiveCfg = Debug|Any CPU
		{4C10A445-7F96-41BD-9BF8-90075116A7A5}.Debug|Any CPU.Build.0 = Debug|Any CPU
		{4C10A445-7F96-41BD-9BF8-90075116A7A5}.Release|Any CPU.ActiveCfg = Release|Any CPU
		{4C10A445-7F96-41BD-9BF8-90075116A7A5}.Release|Any CPU.Build.0 = Release|Any CPU
		{8D391864-53A7-449D-9F8B-F2FA2982A695}.Debug|Any CPU.ActiveCfg = Debug|Any CPU
		{8D391864-53A7-449D-9F8B-F2FA2982A695}.Debug|Any CPU.Build.0 = Debug|Any CPU
		{8D391864-53A7-449D-9F8B-F2FA2982A695}.Release|Any CPU.ActiveCfg = Release|Any CPU
		{8D391864-53A7-449D-9F8B-F2FA2982A695}.Release|Any CPU.Build.0 = Release|Any CPU
		{0F52DF34-0950-431A-9613-7D9E5A980479}.Debug|Any CPU.ActiveCfg = Debug|Any CPU
		{0F52DF34-0950-431A-9613-7D9E5A980479}.Debug|Any CPU.Build.0 = Debug|Any CPU
		{0F52DF34-0950-431A-9613-7D9E5A980479}.Release|Any CPU.ActiveCfg = Release|Any CPU
		{0F52DF34-0950-431A-9613-7D9E5A980479}.Release|Any CPU.Build.0 = Release|Any CPU
		{63704175-39F8-4B6E-9058-253B37917E2D}.Debug|Any CPU.ActiveCfg = Debug|Any CPU
		{63704175-39F8-4B6E-9058-253B37917E2D}.Debug|Any CPU.Build.0 = Debug|Any CPU
		{63704175-39F8-4B6E-9058-253B37917E2D}.Release|Any CPU.ActiveCfg = Release|Any CPU
		{63704175-39F8-4B6E-9058-253B37917E2D}.Release|Any CPU.Build.0 = Release|Any CPU
		{943928D9-1890-4404-A8AF-5FF14079C136}.Debug|Any CPU.ActiveCfg = Debug|Any CPU
		{943928D9-1890-4404-A8AF-5FF14079C136}.Debug|Any CPU.Build.0 = Debug|Any CPU
		{943928D9-1890-4404-A8AF-5FF14079C136}.Release|Any CPU.ActiveCfg = Release|Any CPU
		{943928D9-1890-4404-A8AF-5FF14079C136}.Release|Any CPU.Build.0 = Release|Any CPU
	EndGlobalSection
	GlobalSection(SolutionProperties) = preSolution
		HideSolutionNode = FALSE
	EndGlobalSection
	GlobalSection(ExtensibilityGlobals) = postSolution
		SolutionGuid = {77D3E83E-DD55-4C3D-8445-C624A54B54FB}
	EndGlobalSection
EndGlobal
